
Microsoft Visual Studio Solution File, Format Version 12.00
# Visual Studio Version 16
VisualStudioVersion = 16.0.29201.188
MinimumVisualStudioVersion = 10.0.40219.1
Project("{CC5FD16D-436D-48AD-A40C-5A424C6E3E79}") = "cloudservice.testcase.1", "cloudservice.testcase.1\cloudservice.testcase.1.ccproj", "{32310AE9-ADEA-4D9C-8D04-4F37E947C380}"
EndProject
Project("{FAE04EC0-301F-11D3-BF4B-00C04F79EFBC}") = "WebRole1", "WebRole1\WebRole1.csproj", "{8DA53637-6958-4512-8F88-D4CD934B5906}"
EndProject
Global
	GlobalSection(SolutionConfigurationPlatforms) = preSolution
		Debug|Any CPU = Debug|Any CPU
		Release|Any CPU = Release|Any CPU
	EndGlobalSection
	GlobalSection(ProjectConfigurationPlatforms) = postSolution
		{32310AE9-ADEA-4D9C-8D04-4F37E947C380}.Debug|Any CPU.ActiveCfg = Debug|Any CPU
		{32310AE9-ADEA-4D9C-8D04-4F37E947C380}.Debug|Any CPU.Build.0 = Debug|Any CPU
		{32310AE9-ADEA-4D9C-8D04-4F37E947C380}.Release|Any CPU.ActiveCfg = Release|Any CPU
		{32310AE9-ADEA-4D9C-8D04-4F37E947C380}.Release|Any CPU.Build.0 = Release|Any CPU
		{8DA53637-6958-4512-8F88-D4CD934B5906}.Debug|Any CPU.ActiveCfg = Debug|Any CPU
		{8DA53637-6958-4512-8F88-D4CD934B5906}.Debug|Any CPU.Build.0 = Debug|Any CPU
		{8DA53637-6958-4512-8F88-D4CD934B5906}.Release|Any CPU.ActiveCfg = Release|Any CPU
		{8DA53637-6958-4512-8F88-D4CD934B5906}.Release|Any CPU.Build.0 = Release|Any CPU
	EndGlobalSection
	GlobalSection(SolutionProperties) = preSolution
		HideSolutionNode = FALSE
	EndGlobalSection
	GlobalSection(ExtensibilityGlobals) = postSolution
		SolutionGuid = {722173E4-B337-42F8-BE73-6AD7EAA5EB54}
	EndGlobalSection
EndGlobal
